PODS:
  - Firebase/Auth (5.19.0):
    - Firebase/CoreOnly
    - FirebaseAuth (= 5.4.1)
  - Firebase/CoreOnly (5.19.0):
    - FirebaseCore (= 5.4.0)
  - FirebaseAuth (5.4.1):
    - FirebaseAuthInterop (~> 1.0)
    - FirebaseCore (~> 5.2)
    - GoogleUtilities/Environment (~> 5.2)
    - GTMSessionFetcher/Core (~> 1.1)
  - FirebaseAuthInterop (1.0.0)
  - FirebaseCore (5.4.0):
    - GoogleUtilities/Environment (~> 5.2)
    - GoogleUtilities/Logger (~> 5.2)
  - GoogleUtilities/Environment (5.5.0)
  - GoogleUtilities/Logger (5.5.0):
    - GoogleUtilities/Environment
  - GTMSessionFetcher/Core (1.2.1)
  - RxAtomic (4.4.2)
  - RxSwift (4.4.2):
    - RxAtomic (>= 4.4.2, ~> 4.4)

DEPENDENCIES:
  - Firebase/Auth (~> 5.0)
  - RxSwift (~> 4.0)

SPEC REPOS:
  https://github.com/cocoapods/specs.git:
    - Firebase
    - FirebaseAuth
    - FirebaseAuthInterop
    - FirebaseCore
    - GoogleUtilities
    - GTMSessionFetcher
    - RxAtomic
    - RxSwift

SPEC CHECKSUMS:
  Firebase: c60d49e9c2630875a96207d15e2affb8364996d1
  FirebaseAuth: cbb892a66baed025efc179372598941252acf853
  FirebaseAuthInterop: 0ffa57668be100582bb7643d4fcb7615496c41fc
  FirebaseCore: 22a79a961c3951ef2f77b67bfbc99e454247b319
  GoogleUtilities: 6481e6318c5fcabaaa8513ef8120f329055d7c10
  GTMSessionFetcher: 32aeca0aa144acea523e1c8e053089dec2cb98ca
  RxAtomic: d00e97c10db88c6f08540e0bf2752fc5a2404167
  RxSwift: 74c29b693c8e42b0f64400e8b06564575742d649

PODFILE CHECKSUM: 06f375aeeb3ad5f0eeda5d3c5a57aa36b3d855c3

COCOAPODS: 1.6.1
